
Microsoft Visual Studio Solution File, Format Version 12.00
# Visual Studio Version 17
VisualStudioVersion = 17.1.32210.238
MinimumVisualStudioVersion = 10.0.40219.1
Project("{FAE04EC0-301F-11D3-BF4B-00C04F79EFBC}") = "KomodoCafe", "KomodoCafe\KomodoCafe.csproj", "{2F998D71-A41B-4879-A948-75EFA05FF498}"
EndProject
Project("{FAE04EC0-301F-11D3-BF4B-00C04F79EFBC}") = "InsuranceClaimsProject", "InsuranceClaimsProject\InsuranceClaimsProject.csproj", "{EB2245C1-4C74-4128-9669-BF3854082695}"
EndProject
Project("{FAE04EC0-301F-11D3-BF4B-00C04F79EFBC}") = "Badges", "Badges\Badges.csproj", "{F1B538E7-525C-4525-B6DD-28622788C923}"
EndProject
Global
	GlobalSection(SolutionConfigurationPlatforms) = preSolution
		Debug|Any CPU = Debug|Any CPU
		Release|Any CPU = Release|Any CPU
	EndGlobalSection
	GlobalSection(ProjectConfigurationPlatforms) = postSolution
		{2F998D71-A41B-4879-A948-75EFA05FF498}.Debug|Any CPU.ActiveCfg = Debug|Any CPU
		{2F998D71-A41B-4879-A948-75EFA05FF498}.Debug|Any CPU.Build.0 = Debug|Any CPU
		{2F998D71-A41B-4879-A948-75EFA05FF498}.Release|Any CPU.ActiveCfg = Release|Any CPU
		{2F998D71-A41B-4879-A948-75EFA05FF498}.Release|Any CPU.Build.0 = Release|Any CPU
		{EB2245C1-4C74-4128-9669-BF3854082695}.Debug|Any CPU.ActiveCfg = Debug|Any CPU
		{EB2245C1-4C74-4128-9669-BF3854082695}.Debug|Any CPU.Build.0 = Debug|Any CPU
		{EB2245C1-4C74-4128-9669-BF3854082695}.Release|Any CPU.ActiveCfg = Release|Any CPU
		{EB2245C1-4C74-4128-9669-BF3854082695}.Release|Any CPU.Build.0 = Release|Any CPU
		{F1B538E7-525C-4525-B6DD-28622788C923}.Debug|Any CPU.ActiveCfg = Debug|Any CPU
		{F1B538E7-525C-4525-B6DD-28622788C923}.Debug|Any CPU.Build.0 = Debug|Any CPU
		{F1B538E7-525C-4525-B6DD-28622788C923}.Release|Any CPU.ActiveCfg = Release|Any CPU
		{F1B538E7-525C-4525-B6DD-28622788C923}.Release|Any CPU.Build.0 = Release|Any CPU
	EndGlobalSection
	GlobalSection(SolutionProperties) = preSolution
		HideSolutionNode = FALSE
	EndGlobalSection
	GlobalSection(ExtensibilityGlobals) = postSolution
		SolutionGuid = {B194C38C-DCF1-4282-9F11-F69775B99353}
	EndGlobalSection
EndGlobal
